
Microsoft Visual Studio Solution File, Format Version 12.00
# Visual Studio Version 16
VisualStudioVersion = 16.0.30413.136
MinimumVisualStudioVersion = 10.0.40219.1
Project("{FAE04EC0-301F-11D3-BF4B-00C04F79EFBC}") = "REST", "FootballTS\REST.csproj", "{D4D127AA-C7CC-4B29-AB7D-A4A7E61F4468}"
EndProject
Project("{FAE04EC0-301F-11D3-BF4B-00C04F79EFBC}") = "Lib", "Lib\Lib.csproj", "{A8E18B09-CD7F-4EC3-9B83-B9381994080A}"
EndProject
Global
	GlobalSection(SolutionConfigurationPlatforms) = preSolution
		Debug|Any CPU = Debug|Any CPU
		Release|Any CPU = Release|Any CPU
	EndGlobalSection
	GlobalSection(ProjectConfigurationPlatforms) = postSolution
		{D4D127AA-C7CC-4B29-AB7D-A4A7E61F4468}.Debug|Any CPU.ActiveCfg = Debug|Any CPU
		{D4D127AA-C7CC-4B29-AB7D-A4A7E61F4468}.Debug|Any CPU.Build.0 = Debug|Any CPU
		{D4D127AA-C7CC-4B29-AB7D-A4A7E61F4468}.Release|Any CPU.ActiveCfg = Release|Any CPU
		{D4D127AA-C7CC-4B29-AB7D-A4A7E61F4468}.Release|Any CPU.Build.0 = Release|Any CPU
		{A8E18B09-CD7F-4EC3-9B83-B9381994080A}.Debug|Any CPU.ActiveCfg = Debug|Any CPU
		{A8E18B09-CD7F-4EC3-9B83-B9381994080A}.Debug|Any CPU.Build.0 = Debug|Any CPU
		{A8E18B09-CD7F-4EC3-9B83-B9381994080A}.Release|Any CPU.ActiveCfg = Release|Any CPU
		{A8E18B09-CD7F-4EC3-9B83-B9381994080A}.Release|Any CPU.Build.0 = Release|Any CPU
	EndGlobalSection
	GlobalSection(SolutionProperties) = preSolution
		HideSolutionNode = FALSE
	EndGlobalSection
	GlobalSection(ExtensibilityGlobals) = postSolution
		SolutionGuid = {E6D78FA1-9DEE-44FA-86B8-252519C5A947}
	EndGlobalSection
EndGlobal
